
Microsoft Visual Studio Solution File, Format Version 12.00
# Visual Studio Version 17
VisualStudioVersion = 17.5.33516.290
MinimumVisualStudioVersion = 10.0.40219.1
Project("{9A19103F-16F7-4668-BE54-9A1E7A4F7556}") = "SW_PortalProprietario.Test", "test\SW_PortalProprietario_API_Principal_Test\SW_PortalProprietario.Test.csproj", "{C6EFF438-5348-4E07-9052-9A92CD54F25C}"
EndProject
Project("{9A19103F-16F7-4668-BE54-9A1E7A4F7556}") = "SW_PortalProprietario.Application", "SW_PortalProprietario.Application\SW_PortalProprietario.Application.csproj", "{BE9C8E65-D5DC-4D91-B853-62F08B71411F}"
EndProject
Project("{9A19103F-16F7-4668-BE54-9A1E7A4F7556}") = "SW_PortalProprietario.Domain", "SW_PortalProprietario.Domain\SW_PortalProprietario.Domain.csproj", "{A81C3A32-E8EB-4CC5-9F8E-F16C85D65455}"
EndProject
Project("{9A19103F-16F7-4668-BE54-9A1E7A4F7556}") = "SW_PortalProprietario.Infra.Data", "SW_PortalProprietario.Infra.Data\SW_PortalProprietario.Infra.Data.csproj", "{C676FAF2-A73D-499C-BF20-8832B6F6CAFD}"
EndProject
Project("{9A19103F-16F7-4668-BE54-9A1E7A4F7556}") = "SW_PortalProprietario.Infra.Ioc", "SW_PortalProprietario.Infra.Ioc\SW_PortalProprietario.Infra.Ioc.csproj", "{8E8E0DCD-ACB1-4F08-985A-05FCE2FD2F1E}"
EndProject
Project("{9A19103F-16F7-4668-BE54-9A1E7A4F7556}") = "SW_Utils", "SW_Utils\SW_Utils.csproj", "{96A870EB-9880-4910-A23F-5B4EA177DC69}"
EndProject
Project("{9A19103F-16F7-4668-BE54-9A1E7A4F7556}") = "EsolutionPortalDomain", "EsolutionPortalDomain\EsolutionPortalDomain.csproj", "{A6C50387-8CFE-415E-9138-D41334788407}"
EndProject
Project("{9A19103F-16F7-4668-BE54-9A1E7A4F7556}") = "AccessCenterDomain", "AccessCenterDomain\AccessCenterDomain.csproj", "{46D1C774-0858-41B0-9F8F-04BA6D00CC54}"
EndProject
Project("{9A19103F-16F7-4668-BE54-9A1E7A4F7556}") = "CMDomain", "CMDomain\CMDomain.csproj", "{EE3868EC-DE4F-4001-8405-827D9143E83A}"
EndProject
Project("{FAE04EC0-301F-11D3-BF4B-00C04F79EFBC}") = "SW_PortalCliente_BeachPark.API", "SW_PortalCliente_BeachPark.API.csproj", "{3A259D4B-EDD3-E237-B150-B0CECC8F996C}"
EndProject
Global
	GlobalSection(SolutionConfigurationPlatforms) = preSolution
		Debug|Any CPU = Debug|Any CPU
		Release|Any CPU = Release|Any CPU
	EndGlobalSection
	GlobalSection(ProjectConfigurationPlatforms) = postSolution
		{C6EFF438-5348-4E07-9052-9A92CD54F25C}.Debug|Any CPU.ActiveCfg = Debug|Any CPU
		{C6EFF438-5348-4E07-9052-9A92CD54F25C}.Debug|Any CPU.Build.0 = Debug|Any CPU
		{C6EFF438-5348-4E07-9052-9A92CD54F25C}.Release|Any CPU.ActiveCfg = Release|Any CPU
		{C6EFF438-5348-4E07-9052-9A92CD54F25C}.Release|Any CPU.Build.0 = Release|Any CPU
		{BE9C8E65-D5DC-4D91-B853-62F08B71411F}.Debug|Any CPU.ActiveCfg = Debug|Any CPU
		{BE9C8E65-D5DC-4D91-B853-62F08B71411F}.Debug|Any CPU.Build.0 = Debug|Any CPU
		{BE9C8E65-D5DC-4D91-B853-62F08B71411F}.Release|Any CPU.ActiveCfg = Release|Any CPU
		{BE9C8E65-D5DC-4D91-B853-62F08B71411F}.Release|Any CPU.Build.0 = Release|Any CPU
		{A81C3A32-E8EB-4CC5-9F8E-F16C85D65455}.Debug|Any CPU.ActiveCfg = Debug|Any CPU
		{A81C3A32-E8EB-4CC5-9F8E-F16C85D65455}.Debug|Any CPU.Build.0 = Debug|Any CPU
		{A81C3A32-E8EB-4CC5-9F8E-F16C85D65455}.Release|Any CPU.ActiveCfg = Release|Any CPU
		{A81C3A32-E8EB-4CC5-9F8E-F16C85D65455}.Release|Any CPU.Build.0 = Release|Any CPU
		{C676FAF2-A73D-499C-BF20-8832B6F6CAFD}.Debug|Any CPU.ActiveCfg = Debug|Any CPU
		{C676FAF2-A73D-499C-BF20-8832B6F6CAFD}.Debug|Any CPU.Build.0 = Debug|Any CPU
		{C676FAF2-A73D-499C-BF20-8832B6F6CAFD}.Release|Any CPU.ActiveCfg = Release|Any CPU
		{C676FAF2-A73D-499C-BF20-8832B6F6CAFD}.Release|Any CPU.Build.0 = Release|Any CPU
		{8E8E0DCD-ACB1-4F08-985A-05FCE2FD2F1E}.Debug|Any CPU.ActiveCfg = Debug|Any CPU
		{8E8E0DCD-ACB1-4F08-985A-05FCE2FD2F1E}.Debug|Any CPU.Build.0 = Debug|Any CPU
		{8E8E0DCD-ACB1-4F08-985A-05FCE2FD2F1E}.Release|Any CPU.ActiveCfg = Release|Any CPU
		{8E8E0DCD-ACB1-4F08-985A-05FCE2FD2F1E}.Release|Any CPU.Build.0 = Release|Any CPU
		{96A870EB-9880-4910-A23F-5B4EA177DC69}.Debug|Any CPU.ActiveCfg = Debug|Any CPU
		{96A870EB-9880-4910-A23F-5B4EA177DC69}.Debug|Any CPU.Build.0 = Debug|Any CPU
		{96A870EB-9880-4910-A23F-5B4EA177DC69}.Release|Any CPU.ActiveCfg = Release|Any CPU
		{96A870EB-9880-4910-A23F-5B4EA177DC69}.Release|Any CPU.Build.0 = Release|Any CPU
		{A6C50387-8CFE-415E-9138-D41334788407}.Debug|Any CPU.ActiveCfg = Debug|Any CPU
		{A6C50387-8CFE-415E-9138-D41334788407}.Debug|Any CPU.Build.0 = Debug|Any CPU
		{A6C50387-8CFE-415E-9138-D41334788407}.Release|Any CPU.ActiveCfg = Release|Any CPU
		{A6C50387-8CFE-415E-9138-D41334788407}.Release|Any CPU.Build.0 = Release|Any CPU
		{46D1C774-0858-41B0-9F8F-04BA6D00CC54}.Debug|Any CPU.ActiveCfg = Debug|Any CPU
		{46D1C774-0858-41B0-9F8F-04BA6D00CC54}.Debug|Any CPU.Build.0 = Debug|Any CPU
		{46D1C774-0858-41B0-9F8F-04BA6D00CC54}.Release|Any CPU.ActiveCfg = Release|Any CPU
		{46D1C774-0858-41B0-9F8F-04BA6D00CC54}.Release|Any CPU.Build.0 = Release|Any CPU
		{EE3868EC-DE4F-4001-8405-827D9143E83A}.Debug|Any CPU.ActiveCfg = Debug|Any CPU
		{EE3868EC-DE4F-4001-8405-827D9143E83A}.Debug|Any CPU.Build.0 = Debug|Any CPU
		{EE3868EC-DE4F-4001-8405-827D9143E83A}.Release|Any CPU.ActiveCfg = Release|Any CPU
		{EE3868EC-DE4F-4001-8405-827D9143E83A}.Release|Any CPU.Build.0 = Release|Any CPU
		{3A259D4B-EDD3-E237-B150-B0CECC8F996C}.Debug|Any CPU.ActiveCfg = Debug|Any CPU
		{3A259D4B-EDD3-E237-B150-B0CECC8F996C}.Debug|Any CPU.Build.0 = Debug|Any CPU
		{3A259D4B-EDD3-E237-B150-B0CECC8F996C}.Release|Any CPU.ActiveCfg = Release|Any CPU
		{3A259D4B-EDD3-E237-B150-B0CECC8F996C}.Release|Any CPU.Build.0 = Release|Any CPU
	EndGlobalSection
	GlobalSection(SolutionProperties) = preSolution
		HideSolutionNode = FALSE
	EndGlobalSection
	GlobalSection(ExtensibilityGlobals) = postSolution
		SolutionGuid = {26E1E0CF-9C29-4084-ABE1-642B90E446FC}
	EndGlobalSection
EndGlobal
